
Microsoft Visual Studio Solution File, Format Version 12.00
# Visual Studio Version 17
VisualStudioVersion = 17.14.36121.58
MinimumVisualStudioVersion = 10.0.40219.1
Project("{FAE04EC0-301F-11D3-BF4B-00C04F79EFBC}") = "RecipeSharingPlatform", "RecipeSharingPlatform\RecipeSharingPlatform.csproj", "{491CE05E-B5D3-4D26-9665-856500105F03}"
EndProject
Global
	GlobalSection(SolutionConfigurationPlatforms) = preSolution
		Debug|Any CPU = Debug|Any CPU
		Release|Any CPU = Release|Any CPU
	EndGlobalSection
	GlobalSection(ProjectConfigurationPlatforms) = postSolution
		{491CE05E-B5D3-4D26-9665-856500105F03}.Debug|Any CPU.ActiveCfg = Debug|Any CPU
		{491CE05E-B5D3-4D26-9665-856500105F03}.Debug|Any CPU.Build.0 = Debug|Any CPU
		{491CE05E-B5D3-4D26-9665-856500105F03}.Release|Any CPU.ActiveCfg = Release|Any CPU
		{491CE05E-B5D3-4D26-9665-856500105F03}.Release|Any CPU.Build.0 = Release|Any CPU
	EndGlobalSection
	GlobalSection(SolutionProperties) = preSolution
		HideSolutionNode = FALSE
	EndGlobalSection
	GlobalSection(ExtensibilityGlobals) = postSolution
		SolutionGuid = {3FE45A9D-B217-4D93-AB2F-0D5178A49ECC}
	EndGlobalSection
EndGlobal
